# THIS IS AN AUTOGENERATED FILE. DO NOT EDIT THIS FILE DIRECTLY.
# yarn lockfile v1


adm-zip@^0.4.13:
  version "0.4.13"
  resolved "http://npm.tool.wezhuiyi.com/adm-zip/-/adm-zip-0.4.13.tgz#597e2f8cc3672151e1307d3e95cddbc75672314a"
  integrity sha1-WX4vjMNnIVHhMH0+lc3bx1ZyMUo=

argparse@~1.0.3:
  version "1.0.10"
  resolved "http://npm.tool.wezhuiyi.com/argparse/-/argparse-1.0.10.tgz#bcd6791ea5ae09725e17e5ad988134cd40b3d911"
  integrity sha1-vNZ5HqWuCXJeF+WtmIE0zUCz2RE=
  dependencies:
    sprintf-js "~1.0.2"

async@^2.0.1:
  version "2.6.2"
  resolved "http://npm.tool.wezhuiyi.com/async/-/async-2.6.2.tgz#18330ea7e6e313887f5d2f2a904bac6fe4dd5381"
  integrity sha1-GDMOp+bjE4h/XS8qkEusb+TdU4E=
  dependencies:
    lodash "^4.17.11"

bluebird@~3.4.0:
  version "3.4.7"
  resolved "http://npm.tool.wezhuiyi.com/bluebird/-/bluebird-3.4.7.tgz#f72d760be09b7f76d08ed8fae98b289a8d05fab3"
  integrity sha1-9y12C+Cbf3bQjtj66Ysomo0F+rM=

debug@^3.1.0:
  version "3.2.6"
  resolved "http://npm.tool.wezhuiyi.com/debug/-/debug-3.2.6.tgz#e83d17de16d8a7efb7717edbe5fb10135eee629b"
  integrity sha1-6D0X3hbYp++3cX7b5fsQE17uYps=
  dependencies:
    ms "^2.1.1"

duck@~0.1.11:
  version "0.1.11"
  resolved "http://npm.tool.wezhuiyi.com/duck/-/duck-0.1.11.tgz#3adc1a3d2fbdd5879ffd3bda05ce0f69355e9093"
  integrity sha1-OtwaPS+91Yef/TvaBc4PaTVekJM=
  dependencies:
    underscore "~1.4.4"

jszip@~2.5.0:
  version "2.5.0"
  resolved "http://npm.tool.wezhuiyi.com/jszip/-/jszip-2.5.0.tgz#7444fd8551ddf3e5da7198fea0c91bc8308cc274"
  integrity sha1-dET9hVHd8+XacZj+oMkbyDCMwnQ=
  dependencies:
    pako "~0.2.5"

line-by-line@^0.1.6:
  version "0.1.6"
  resolved "http://npm.tool.wezhuiyi.com/line-by-line/-/line-by-line-0.1.6.tgz#6236edd1db2d1695addf11f0268e74a181561c30"
  integrity sha1-Yjbt0dstFpWt3xHwJo50oYFWHDA=

lodash@^4.15.0, lodash@^4.17.11:
  version "4.17.11"
  resolved "http://npm.tool.wezhuiyi.com/lodash/-/lodash-4.17.11.tgz#b39ea6229ef607ecd89e2c8df12536891cac9b8d"
  integrity sha1-s56mIp72B+zYniyN8SU2iRysm40=

lop@~0.4.0:
  version "0.4.0"
  resolved "http://npm.tool.wezhuiyi.com/lop/-/lop-0.4.0.tgz#4f0e4384d5c4f455d0b86d254fd52a9d05593c2c"
  integrity sha1-Tw5DhNXE9FXQuG0lT9UqnQVZPCw=
  dependencies:
    duck "~0.1.11"
    option "~0.2.1"
    underscore "~1.4.4"

mammoth@^1.4.8:
  version "1.4.8"
  resolved "http://npm.tool.wezhuiyi.com/mammoth/-/mammoth-1.4.8.tgz#f750c9e92bae294b2d3bc89066373546a3d7512c"
  integrity sha1-91DJ6SuuKUstO8iQZjc1RqPXUSw=
  dependencies:
    argparse "~1.0.3"
    bluebird "~3.4.0"
    jszip "~2.5.0"
    lop "~0.4.0"
    path-is-absolute "^1.0.0"
    sax "~1.1.1"
    underscore "~1.8.3"
    xmlbuilder "^10.0.0"

minimist@~0.0.1:
  version "0.0.10"
  resolved "http://npm.tool.wezhuiyi.com/minimist/-/minimist-0.0.10.tgz#de3f98543dbf96082be48ad1a0c7cda836301dcf"
  integrity sha1-3j+YVD2/lggr5IrRoMfNqDYwHc8=

ms@^2.1.1:
  version "2.1.2"
  resolved "http://npm.tool.wezhuiyi.com/ms/-/ms-2.1.2.tgz#d09d1f357b443f493382a8eb3ccd183872ae6009"
  integrity sha1-0J0fNXtEP0kzgqjrPM0YOHKuYAk=

node-ensure@^0.0.0:
  version "0.0.0"
  resolved "http://npm.tool.wezhuiyi.com/node-ensure/-/node-ensure-0.0.0.tgz#ecae764150de99861ec5c810fd5d096b183932a7"
  integrity sha1-7K52QVDemYYexcgQ/V0Jaxg5Mqc=

node-stream-zip@^1.8.0:
  version "1.8.0"
  resolved "http://npm.tool.wezhuiyi.com/node-stream-zip/-/node-stream-zip-1.8.0.tgz#32a0352683b7c0becf489fc9a7f20bbb2517f94b"
  integrity sha1-MqA1JoO3wL7PSJ/Jp/ILuyUX+Us=

optimist@^0.6.1:
  version "0.6.1"
  resolved "http://npm.tool.wezhuiyi.com/optimist/-/optimist-0.6.1.tgz#da3ea74686fa21a19a111c326e90eb15a0196686"
  integrity sha1-2j6nRob6IaGaERwybpDrFaAZZoY=
  dependencies:
    minimist "~0.0.1"
    wordwrap "~0.0.2"

option@~0.2.1:
  version "0.2.4"
  resolved "http://npm.tool.wezhuiyi.com/option/-/option-0.2.4.tgz#fd475cdf98dcabb3cb397a3ba5284feb45edbfe4"
  integrity sha1-/Udc35jcq7PLOXo7pShP60Xtv+Q=

pako@~0.2.5:
  version "0.2.9"
  resolved "http://npm.tool.wezhuiyi.com/pako/-/pako-0.2.9.tgz#f3f7522f4ef782348da8161bad9ecfd51bf83a75"
  integrity sha1-8/dSL073gjSNqBYbrZ7P1Rv4OnU=

path-is-absolute@^1.0.0:
  version "1.0.1"
  resolved "http://npm.tool.wezhuiyi.com/path-is-absolute/-/path-is-absolute-1.0.1.tgz#174b9268735534ffbc7ace6bf53a5a9e1b5c5f5f"
  integrity sha1-F0uSaHNVNP+8es5r9TpanhtcX18=

pdf-parse@^1.1.1:
  version "1.1.1"
  resolved "http://npm.tool.wezhuiyi.com/pdf-parse/-/pdf-parse-1.1.1.tgz#745e07408679548b3995ff896fd38e96e19d14a7"
  integrity sha1-dF4HQIZ5VIs5lf+Jb9OOluGdFKc=
  dependencies:
    debug "^3.1.0"
    node-ensure "^0.0.0"

pdf2json@^1.1.8:
  version "1.1.8"
  resolved "http://npm.tool.wezhuiyi.com/pdf2json/-/pdf2json-1.1.8.tgz#8f268a662ee417b1b1574c362f2caaeb3b7187da"
  integrity sha1-jyaKZi7kF7GxV0w2Lyyq6ztxh9o=
  dependencies:
    async "^2.0.1"
    lodash "^4.15.0"
    optimist "^0.6.1"
    xmldom "^0.1.22"

sax@>=0.6.0:
  version "1.2.4"
  resolved "http://npm.tool.wezhuiyi.com/sax/-/sax-1.2.4.tgz#2816234e2378bddc4e5354fab5caa895df7100d9"
  integrity sha1-KBYjTiN4vdxOU1T6tcqold9xANk=

sax@~1.1.1:
  version "1.1.6"
  resolved "http://npm.tool.wezhuiyi.com/sax/-/sax-1.1.6.tgz#5d616be8a5e607d54e114afae55b7eaf2fcc3240"
  integrity sha1-XWFr6KXmB9VOEUr65Vt+ry/MMkA=

sprintf-js@~1.0.2:
  version "1.0.3"
  resolved "http://npm.tool.wezhuiyi.com/sprintf-js/-/sprintf-js-1.0.3.tgz#04e6926f662895354f3dd015203633b857297e2c"
  integrity sha1-BOaSb2YolTVPPdAVIDYzuFcpfiw=

underscore@~1.4.4:
  version "1.4.4"
  resolved "http://npm.tool.wezhuiyi.com/underscore/-/underscore-1.4.4.tgz#61a6a32010622afa07963bf325203cf12239d604"
  integrity sha1-YaajIBBiKvoHljvzJSA88SI51gQ=

underscore@~1.8.3:
  version "1.8.3"
  resolved "http://npm.tool.wezhuiyi.com/underscore/-/underscore-1.8.3.tgz#4f3fb53b106e6097fcf9cb4109f2a5e9bdfa5022"
  integrity sha1-Tz+1OxBuYJf8+ctBCfKl6b36UCI=

wordwrap@~0.0.2:
  version "0.0.3"
  resolved "http://npm.tool.wezhuiyi.com/wordwrap/-/wordwrap-0.0.3.tgz#a3d5da6cd5c0bc0008d37234bbaf1bed63059107"
  integrity sha1-o9XabNXAvAAI03I0u68b7WMFkQc=

xml2js@^0.4.19:
  version "0.4.19"
  resolved "http://npm.tool.wezhuiyi.com/xml2js/-/xml2js-0.4.19.tgz#686c20f213209e94abf0d1bcf1efaa291c7827a7"
  integrity sha1-aGwg8hMgnpSr8NG88e+qKRx4J6c=
  dependencies:
    sax ">=0.6.0"
    xmlbuilder "~9.0.1"

xmlbuilder@^10.0.0:
  version "10.1.1"
  resolved "http://npm.tool.wezhuiyi.com/xmlbuilder/-/xmlbuilder-10.1.1.tgz#8cae6688cc9b38d850b7c8d3c0a4161dcaf475b0"
  integrity sha1-jK5miMybONhQt8jTwKQWHcr0dbA=

xmlbuilder@~9.0.1:
  version "9.0.7"
  resolved "http://npm.tool.wezhuiyi.com/xmlbuilder/-/xmlbuilder-9.0.7.tgz#132ee63d2ec5565c557e20f4c22df9aca686b10d"
  integrity sha1-Ey7mPS7FVlxVfiD0wi35rKaGsQ0=

xmldom@^0.1.22:
  version "0.1.27"
  resolved "http://npm.tool.wezhuiyi.com/xmldom/-/xmldom-0.1.27.tgz#d501f97b3bdb403af8ef9ecc20573187aadac0e9"
  integrity sha1-1QH5ezvbQDr4757MIFcxh6rawOk=
