{
  "name": "package-demo",
  "version": "1.0.0",
  "lockfileVersion": 1,
  "requires": true,
  "dependencies": {
    "is-wsl": {
      "version": "1.1.0",
      "resolved": "http://npm.tool.wezhuiyi.com/is-wsl/-/is-wsl-1.1.0.tgz",
      "integrity": "sha1-HxbkqiKwTRM2tmGIpmrzxgDDpm0="
    },
    "opn": {
      "version": "5.5.0",
      "resolved": "http://npm.tool.wezhuiyi.com/opn/-/opn-5.5.0.tgz",
      "integrity": "sha1-/HFk+rVtI1kExRw7J9pnWMo7m/w=",
      "requires": {
        "is-wsl": "^1.1.0"
      }
    }
  }
}
